
Microsoft Visual Studio Solution File, Format Version 12.00
# Visual Studio 15
VisualStudioVersion = 15.0.27428.2027
MinimumVisualStudioVersion = 10.0.40219.1
Project("{FAE04EC0-301F-11D3-BF4B-00C04F79EFBC}") = "UI", "UI\UI.csproj", "{7DF00D8E-0EA8-4301-AF2C-3B37B6A5DF1F}"
	ProjectSection(ProjectDependencies) = postProject
		{3E7D37DD-F3E6-4932-B05C-821F021A92EE} = {3E7D37DD-F3E6-4932-B05C-821F021A92EE}
	EndProjectSection
EndProject
Project("{FAE04EC0-301F-11D3-BF4B-00C04F79EFBC}") = "AkijFTPConnector", "AkijFTPConnector\AkijFTPConnector.csproj", "{7FFC8470-38FD-4DBD-A54A-7CD581D32E12}"
EndProject
Project("{FAE04EC0-301F-11D3-BF4B-00C04F79EFBC}") = "BLL", "BLL\BLL.csproj", "{A577C019-22C6-4F46-B515-00F664D8455C}"
EndProject
Project("{FAE04EC0-301F-11D3-BF4B-00C04F79EFBC}") = "GLOBAL_BLL", "GLOBAL_BLL\GLOBAL_BLL.csproj", "{F44AD490-3907-420D-8966-853469233C3F}"
EndProject
Project("{FAE04EC0-301F-11D3-BF4B-00C04F79EFBC}") = "HR_BLL", "HR_BLL\HR_BLL.csproj", "{BEB114CF-7587-4114-B727-EDEF361244E2}"
EndProject
Project("{FAE04EC0-301F-11D3-BF4B-00C04F79EFBC}") = "HR_DAL", "HR_DAL\HR_DAL.csproj", "{4FD02F54-1308-4787-896D-842A38C0DE30}"
EndProject
Project("{FAE04EC0-301F-11D3-BF4B-00C04F79EFBC}") = "LOGIS_BLL", "LOGIS_BLL\LOGIS_BLL.csproj", "{E6F59173-3F81-40EC-A213-32BCF15D5C34}"
EndProject
Project("{FAE04EC0-301F-11D3-BF4B-00C04F79EFBC}") = "LOGIS_DAL", "LOGIS_DAL\LOGIS_DAL.csproj", "{710D70DC-DE46-4750-9B15-CA25202CA202}"
EndProject
Project("{FAE04EC0-301F-11D3-BF4B-00C04F79EFBC}") = "Purchase_BLL", "Purchase_BLL\Purchase_BLL.csproj", "{1A345A22-3D99-4572-95EE-3C152AF20C74}"
EndProject
Project("{FAE04EC0-301F-11D3-BF4B-00C04F79EFBC}") = "Purchase_DAL", "Purchase_DAL\Purchase_DAL.csproj", "{C7825EC3-DCD0-4694-9A1B-5BA6DFCD00C0}"
EndProject
Project("{FAE04EC0-301F-11D3-BF4B-00C04F79EFBC}") = "SAD_BLL", "SAD_BLL\SAD_BLL.csproj", "{69C216B4-E2AA-47ED-9738-7BCF10BE7758}"
EndProject
Project("{FAE04EC0-301F-11D3-BF4B-00C04F79EFBC}") = "SAD_DAL", "SAD_DAL\SAD_DAL.csproj", "{16E00442-31FA-416F-AF68-BE5AD09F4D2A}"
EndProject
Project("{FAE04EC0-301F-11D3-BF4B-00C04F79EFBC}") = "UserRole", "UserRole\UserRole.csproj", "{CAB45D67-6D75-4E65-95BC-2F45869E2448}"
EndProject
Project("{FAE04EC0-301F-11D3-BF4B-00C04F79EFBC}") = "UserSecurity", "UserSecurity\UserSecurity.csproj", "{4DC04AE5-BCEE-409A-8D6F-5167F27DADEF}"
EndProject
Project("{FAE04EC0-301F-11D3-BF4B-00C04F79EFBC}") = "XPSParser", "XPSParser\XPSParser.csproj", "{84E262FD-D416-480C-8D8B-B412F9327EF2}"
EndProject
Project("{FAE04EC0-301F-11D3-BF4B-00C04F79EFBC}") = "DAL", "DAL\DAL.csproj", "{348D5741-B8AE-4247-B0BC-4EF3D5680901}"
EndProject
Project("{FAE04EC0-301F-11D3-BF4B-00C04F79EFBC}") = "Budget_BLL", "Budget_BLL\Budget_BLL.csproj", "{0AC1B655-B9E7-4EF5-A0F4-6BB849CE6793}"
EndProject
Project("{FAE04EC0-301F-11D3-BF4B-00C04F79EFBC}") = "Budget_DAL", "Budget_DAL\Budget_DAL.csproj", "{D6ED724D-B1E9-478A-B290-D7C97651AD94}"
EndProject
Project("{FAE04EC0-301F-11D3-BF4B-00C04F79EFBC}") = "Dairy_BLL", "Dairy_BLL\Dairy_BLL.csproj", "{E7377E68-1638-4FDA-A922-9ADCEE6B86CA}"
EndProject
Project("{FAE04EC0-301F-11D3-BF4B-00C04F79EFBC}") = "Dairy_DAL", "Dairy_DAL\Dairy_DAL.csproj", "{84F2EBE0-3258-4313-BEDF-6CF512BECF9E}"
EndProject
Project("{FAE04EC0-301F-11D3-BF4B-00C04F79EFBC}") = "Support_BLL", "Support_BLL\Support_BLL.csproj", "{55D6BB1D-23E1-4F9B-ADCA-EC67227A6ECD}"
EndProject
Project("{FAE04EC0-301F-11D3-BF4B-00C04F79EFBC}") = "Support_DAL", "Support_DAL\Support_DAL.csproj", "{D00F9BA5-ADDF-49A7-95EA-1888E760DA44}"
EndProject
Project("{FAE04EC0-301F-11D3-BF4B-00C04F79EFBC}") = "Projects_BLL", "Projects_BLL\Projects_BLL.csproj", "{17E3F6FE-0A21-46DE-A4C4-EFAF40C5C2ED}"
EndProject
Project("{FAE04EC0-301F-11D3-BF4B-00C04F79EFBC}") = "Projects_DAL", "Projects_DAL\Projects_DAL.csproj", "{12BEA211-C8C2-4027-A3AD-39C5D1B8F75E}"
EndProject
Project("{FAE04EC0-301F-11D3-BF4B-00C04F79EFBC}") = "SCM_BLL", "SCM_BLL\SCM_BLL.csproj", "{A4F011C0-9E28-4F3F-932F-69A994FCE403}"
EndProject
Project("{FAE04EC0-301F-11D3-BF4B-00C04F79EFBC}") = "SCM_DAL", "SCM_DAL\SCM_DAL.csproj", "{43E9D794-020B-425F-857C-D313068C4BD5}"
EndProject
Project("{FAE04EC0-301F-11D3-BF4B-00C04F79EFBC}") = "Utility", "ClassLibrary1\Utility.csproj", "{3E7D37DD-F3E6-4932-B05C-821F021A92EE}"
EndProject
Global
	GlobalSection(SolutionConfigurationPlatforms) = preSolution
		Debug|Any CPU = Debug|Any CPU
		Release|Any CPU = Release|Any CPU
	EndGlobalSection
	GlobalSection(ProjectConfigurationPlatforms) = postSolution
		{7DF00D8E-0EA8-4301-AF2C-3B37B6A5DF1F}.Debug|Any CPU.ActiveCfg = Debug|Any CPU
		{7DF00D8E-0EA8-4301-AF2C-3B37B6A5DF1F}.Debug|Any CPU.Build.0 = Debug|Any CPU
		{7DF00D8E-0EA8-4301-AF2C-3B37B6A5DF1F}.Release|Any CPU.ActiveCfg = Release|Any CPU
		{7DF00D8E-0EA8-4301-AF2C-3B37B6A5DF1F}.Release|Any CPU.Build.0 = Release|Any CPU
		{7FFC8470-38FD-4DBD-A54A-7CD581D32E12}.Debug|Any CPU.ActiveCfg = Debug|Any CPU
		{7FFC8470-38FD-4DBD-A54A-7CD581D32E12}.Debug|Any CPU.Build.0 = Debug|Any CPU
		{7FFC8470-38FD-4DBD-A54A-7CD581D32E12}.Release|Any CPU.ActiveCfg = Release|Any CPU
		{7FFC8470-38FD-4DBD-A54A-7CD581D32E12}.Release|Any CPU.Build.0 = Release|Any CPU
		{A577C019-22C6-4F46-B515-00F664D8455C}.Debug|Any CPU.ActiveCfg = Debug|Any CPU
		{A577C019-22C6-4F46-B515-00F664D8455C}.Debug|Any CPU.Build.0 = Debug|Any CPU
		{A577C019-22C6-4F46-B515-00F664D8455C}.Release|Any CPU.ActiveCfg = Release|Any CPU
		{A577C019-22C6-4F46-B515-00F664D8455C}.Release|Any CPU.Build.0 = Release|Any CPU
		{F44AD490-3907-420D-8966-853469233C3F}.Debug|Any CPU.ActiveCfg = Debug|Any CPU
		{F44AD490-3907-420D-8966-853469233C3F}.Debug|Any CPU.Build.0 = Debug|Any CPU
		{F44AD490-3907-420D-8966-853469233C3F}.Release|Any CPU.ActiveCfg = Release|Any CPU
		{F44AD490-3907-420D-8966-853469233C3F}.Release|Any CPU.Build.0 = Release|Any CPU
		{BEB114CF-7587-4114-B727-EDEF361244E2}.Debug|Any CPU.ActiveCfg = Debug|Any CPU
		{BEB114CF-7587-4114-B727-EDEF361244E2}.Debug|Any CPU.Build.0 = Debug|Any CPU
		{BEB114CF-7587-4114-B727-EDEF361244E2}.Release|Any CPU.ActiveCfg = Release|Any CPU
		{BEB114CF-7587-4114-B727-EDEF361244E2}.Release|Any CPU.Build.0 = Release|Any CPU
		{4FD02F54-1308-4787-896D-842A38C0DE30}.Debug|Any CPU.ActiveCfg = Debug|Any CPU
		{4FD02F54-1308-4787-896D-842A38C0DE30}.Debug|Any CPU.Build.0 = Debug|Any CPU
		{4FD02F54-1308-4787-896D-842A38C0DE30}.Release|Any CPU.ActiveCfg = Release|Any CPU
		{4FD02F54-1308-4787-896D-842A38C0DE30}.Release|Any CPU.Build.0 = Release|Any CPU
		{E6F59173-3F81-40EC-A213-32BCF15D5C34}.Debug|Any CPU.ActiveCfg = Debug|Any CPU
		{E6F59173-3F81-40EC-A213-32BCF15D5C34}.Debug|Any CPU.Build.0 = Debug|Any CPU
		{E6F59173-3F81-40EC-A213-32BCF15D5C34}.Release|Any CPU.ActiveCfg = Release|Any CPU
		{E6F59173-3F81-40EC-A213-32BCF15D5C34}.Release|Any CPU.Build.0 = Release|Any CPU
		{710D70DC-DE46-4750-9B15-CA25202CA202}.Debug|Any CPU.ActiveCfg = Debug|Any CPU
		{710D70DC-DE46-4750-9B15-CA25202CA202}.Debug|Any CPU.Build.0 = Debug|Any CPU
		{710D70DC-DE46-4750-9B15-CA25202CA202}.Release|Any CPU.ActiveCfg = Release|Any CPU
		{710D70DC-DE46-4750-9B15-CA25202CA202}.Release|Any CPU.Build.0 = Release|Any CPU
		{1A345A22-3D99-4572-95EE-3C152AF20C74}.Debug|Any CPU.ActiveCfg = Debug|Any CPU
		{1A345A22-3D99-4572-95EE-3C152AF20C74}.Debug|Any CPU.Build.0 = Debug|Any CPU
		{1A345A22-3D99-4572-95EE-3C152AF20C74}.Release|Any CPU.ActiveCfg = Release|Any CPU
		{1A345A22-3D99-4572-95EE-3C152AF20C74}.Release|Any CPU.Build.0 = Release|Any CPU
		{C7825EC3-DCD0-4694-9A1B-5BA6DFCD00C0}.Debug|Any CPU.ActiveCfg = Debug|Any CPU
		{C7825EC3-DCD0-4694-9A1B-5BA6DFCD00C0}.Debug|Any CPU.Build.0 = Debug|Any CPU
		{C7825EC3-DCD0-4694-9A1B-5BA6DFCD00C0}.Release|Any CPU.ActiveCfg = Release|Any CPU
		{C7825EC3-DCD0-4694-9A1B-5BA6DFCD00C0}.Release|Any CPU.Build.0 = Release|Any CPU
		{69C216B4-E2AA-47ED-9738-7BCF10BE7758}.Debug|Any CPU.ActiveCfg = Debug|Any CPU
		{69C216B4-E2AA-47ED-9738-7BCF10BE7758}.Debug|Any CPU.Build.0 = Debug|Any CPU
		{69C216B4-E2AA-47ED-9738-7BCF10BE7758}.Release|Any CPU.ActiveCfg = Release|Any CPU
		{69C216B4-E2AA-47ED-9738-7BCF10BE7758}.Release|Any CPU.Build.0 = Release|Any CPU
		{16E00442-31FA-416F-AF68-BE5AD09F4D2A}.Debug|Any CPU.ActiveCfg = Debug|Any CPU
		{16E00442-31FA-416F-AF68-BE5AD09F4D2A}.Debug|Any CPU.Build.0 = Debug|Any CPU
		{16E00442-31FA-416F-AF68-BE5AD09F4D2A}.Release|Any CPU.ActiveCfg = Release|Any CPU
		{16E00442-31FA-416F-AF68-BE5AD09F4D2A}.Release|Any CPU.Build.0 = Release|Any CPU
		{CAB45D67-6D75-4E65-95BC-2F45869E2448}.Debug|Any CPU.ActiveCfg = Debug|Any CPU
		{CAB45D67-6D75-4E65-95BC-2F45869E2448}.Debug|Any CPU.Build.0 = Debug|Any CPU
		{CAB45D67-6D75-4E65-95BC-2F45869E2448}.Release|Any CPU.ActiveCfg = Release|Any CPU
		{CAB45D67-6D75-4E65-95BC-2F45869E2448}.Release|Any CPU.Build.0 = Release|Any CPU
		{4DC04AE5-BCEE-409A-8D6F-5167F27DADEF}.Debug|Any CPU.ActiveCfg = Debug|Any CPU
		{4DC04AE5-BCEE-409A-8D6F-5167F27DADEF}.Debug|Any CPU.Build.0 = Debug|Any CPU
		{4DC04AE5-BCEE-409A-8D6F-5167F27DADEF}.Release|Any CPU.ActiveCfg = Release|Any CPU
		{4DC04AE5-BCEE-409A-8D6F-5167F27DADEF}.Release|Any CPU.Build.0 = Release|Any CPU
		{84E262FD-D416-480C-8D8B-B412F9327EF2}.Debug|Any CPU.ActiveCfg = Debug|Any CPU
		{84E262FD-D416-480C-8D8B-B412F9327EF2}.Debug|Any CPU.Build.0 = Debug|Any CPU
		{84E262FD-D416-480C-8D8B-B412F9327EF2}.Release|Any CPU.ActiveCfg = Release|Any CPU
		{84E262FD-D416-480C-8D8B-B412F9327EF2}.Release|Any CPU.Build.0 = Release|Any CPU
		{348D5741-B8AE-4247-B0BC-4EF3D5680901}.Debug|Any CPU.ActiveCfg = Debug|Any CPU
		{348D5741-B8AE-4247-B0BC-4EF3D5680901}.Debug|Any CPU.Build.0 = Debug|Any CPU
		{348D5741-B8AE-4247-B0BC-4EF3D5680901}.Release|Any CPU.ActiveCfg = Release|Any CPU
		{348D5741-B8AE-4247-B0BC-4EF3D5680901}.Release|Any CPU.Build.0 = Release|Any CPU
		{0AC1B655-B9E7-4EF5-A0F4-6BB849CE6793}.Debug|Any CPU.ActiveCfg = Debug|Any CPU
		{0AC1B655-B9E7-4EF5-A0F4-6BB849CE6793}.Debug|Any CPU.Build.0 = Debug|Any CPU
		{0AC1B655-B9E7-4EF5-A0F4-6BB849CE6793}.Release|Any CPU.ActiveCfg = Release|Any CPU
		{0AC1B655-B9E7-4EF5-A0F4-6BB849CE6793}.Release|Any CPU.Build.0 = Release|Any CPU
		{D6ED724D-B1E9-478A-B290-D7C97651AD94}.Debug|Any CPU.ActiveCfg = Debug|Any CPU
		{D6ED724D-B1E9-478A-B290-D7C97651AD94}.Debug|Any CPU.Build.0 = Debug|Any CPU
		{D6ED724D-B1E9-478A-B290-D7C97651AD94}.Release|Any CPU.ActiveCfg = Release|Any CPU
		{D6ED724D-B1E9-478A-B290-D7C97651AD94}.Release|Any CPU.Build.0 = Release|Any CPU
		{E7377E68-1638-4FDA-A922-9ADCEE6B86CA}.Debug|Any CPU.ActiveCfg = Debug|Any CPU
		{E7377E68-1638-4FDA-A922-9ADCEE6B86CA}.Debug|Any CPU.Build.0 = Debug|Any CPU
		{E7377E68-1638-4FDA-A922-9ADCEE6B86CA}.Release|Any CPU.ActiveCfg = Release|Any CPU
		{E7377E68-1638-4FDA-A922-9ADCEE6B86CA}.Release|Any CPU.Build.0 = Release|Any CPU
		{84F2EBE0-3258-4313-BEDF-6CF512BECF9E}.Debug|Any CPU.ActiveCfg = Debug|Any CPU
		{84F2EBE0-3258-4313-BEDF-6CF512BECF9E}.Debug|Any CPU.Build.0 = Debug|Any CPU
		{84F2EBE0-3258-4313-BEDF-6CF512BECF9E}.Release|Any CPU.ActiveCfg = Release|Any CPU
		{84F2EBE0-3258-4313-BEDF-6CF512BECF9E}.Release|Any CPU.Build.0 = Release|Any CPU
		{55D6BB1D-23E1-4F9B-ADCA-EC67227A6ECD}.Debug|Any CPU.ActiveCfg = Debug|Any CPU
		{55D6BB1D-23E1-4F9B-ADCA-EC67227A6ECD}.Debug|Any CPU.Build.0 = Debug|Any CPU
		{55D6BB1D-23E1-4F9B-ADCA-EC67227A6ECD}.Release|Any CPU.ActiveCfg = Release|Any CPU
		{55D6BB1D-23E1-4F9B-ADCA-EC67227A6ECD}.Release|Any CPU.Build.0 = Release|Any CPU
		{D00F9BA5-ADDF-49A7-95EA-1888E760DA44}.Debug|Any CPU.ActiveCfg = Debug|Any CPU
		{D00F9BA5-ADDF-49A7-95EA-1888E760DA44}.Debug|Any CPU.Build.0 = Debug|Any CPU
		{D00F9BA5-ADDF-49A7-95EA-1888E760DA44}.Release|Any CPU.ActiveCfg = Release|Any CPU
		{D00F9BA5-ADDF-49A7-95EA-1888E760DA44}.Release|Any CPU.Build.0 = Release|Any CPU
		{17E3F6FE-0A21-46DE-A4C4-EFAF40C5C2ED}.Debug|Any CPU.ActiveCfg = Debug|Any CPU
		{17E3F6FE-0A21-46DE-A4C4-EFAF40C5C2ED}.Debug|Any CPU.Build.0 = Debug|Any CPU
		{17E3F6FE-0A21-46DE-A4C4-EFAF40C5C2ED}.Release|Any CPU.ActiveCfg = Release|Any CPU
		{17E3F6FE-0A21-46DE-A4C4-EFAF40C5C2ED}.Release|Any CPU.Build.0 = Release|Any CPU
		{12BEA211-C8C2-4027-A3AD-39C5D1B8F75E}.Debug|Any CPU.ActiveCfg = Debug|Any CPU
		{12BEA211-C8C2-4027-A3AD-39C5D1B8F75E}.Debug|Any CPU.Build.0 = Debug|Any CPU
		{12BEA211-C8C2-4027-A3AD-39C5D1B8F75E}.Release|Any CPU.ActiveCfg = Release|Any CPU
		{12BEA211-C8C2-4027-A3AD-39C5D1B8F75E}.Release|Any CPU.Build.0 = Release|Any CPU
		{A4F011C0-9E28-4F3F-932F-69A994FCE403}.Debug|Any CPU.ActiveCfg = Debug|Any CPU
		{A4F011C0-9E28-4F3F-932F-69A994FCE403}.Debug|Any CPU.Build.0 = Debug|Any CPU
		{A4F011C0-9E28-4F3F-932F-69A994FCE403}.Release|Any CPU.ActiveCfg = Release|Any CPU
		{A4F011C0-9E28-4F3F-932F-69A994FCE403}.Release|Any CPU.Build.0 = Release|Any CPU
		{43E9D794-020B-425F-857C-D313068C4BD5}.Debug|Any CPU.ActiveCfg = Debug|Any CPU
		{43E9D794-020B-425F-857C-D313068C4BD5}.Debug|Any CPU.Build.0 = Debug|Any CPU
		{43E9D794-020B-425F-857C-D313068C4BD5}.Release|Any CPU.ActiveCfg = Release|Any CPU
		{43E9D794-020B-425F-857C-D313068C4BD5}.Release|Any CPU.Build.0 = Release|Any CPU
		{3E7D37DD-F3E6-4932-B05C-821F021A92EE}.Debug|Any CPU.ActiveCfg = Debug|Any CPU
		{3E7D37DD-F3E6-4932-B05C-821F021A92EE}.Debug|Any CPU.Build.0 = Debug|Any CPU
		{3E7D37DD-F3E6-4932-B05C-821F021A92EE}.Release|Any CPU.ActiveCfg = Release|Any CPU
		{3E7D37DD-F3E6-4932-B05C-821F021A92EE}.Release|Any CPU.Build.0 = Release|Any CPU
	EndGlobalSection
	GlobalSection(SolutionProperties) = preSolution
		HideSolutionNode = FALSE
	EndGlobalSection
	GlobalSection(ExtensibilityGlobals) = postSolution
		SolutionGuid = {A9D12B3E-EFF8-4B1E-8F76-2DB69DAC5324}
	EndGlobalSection
EndGlobal
